// !$*UTF8*$!
{
	archiveVersion = 1;
	classes = {
	};
	objectVersion = 56;
	objects = {

/* Begin PBXBuildFile section */
		1C13A22C2A6F49D10023B72E /* main.swift in Sources */ = {isa = PBXBuildFile; fileRef = 1C13A22B2A6F49D10023B72E /* main.swift */; };
		1C13A2342A6F49EA0023B72E /* Launcher.swift in Sources */ = {isa = PBXBuildFile; fileRef = 1C13A2332A6F49EA0023B72E /* Launcher.swift */; };
		1C13A2362A6F4D5A0023B72E /* Layout.swift in Sources */ = {isa = PBXBuildFile; fileRef = 1C13A2352A6F4D5A0023B72E /* Layout.swift */; };
		1C13A2382A6F4F130023B72E /* Manual.swift in Sources */ = {isa = PBXBuildFile; fileRef = 1C13A2372A6F4F130023B72E /* Manual.swift */; };
		1C13A23B2A6F509E0023B72E /* Movie.swift in Sources */ = {isa = PBXBuildFile; fileRef = 1C13A23A2A6F509E0023B72E /* Movie.swift */; };
		1C13A23F2A6F68530023B72E /* Menu.swift in Sources */ = {isa = PBXBuildFile; fileRef = 1C13A23E2A6F68530023B72E /* Menu.swift */; };
		1C13A24F2A6FD7560023B72E /* Deposit.swift in Sources */ = {isa = PBXBuildFile; fileRef = 1C13A24E2A6FD7560023B72E /* Deposit.swift */; };
		1C13A2512A6FDB130023B72E /* User.swift in Sources */ = {isa = PBXBuildFile; fileRef = 1C13A2502A6FDB130023B72E /* User.swift */; };
		1C13A2572A7005A90023B72E /* Authenticate.swift in Sources */ = {isa = PBXBuildFile; fileRef = 1C13A2562A7005A90023B72E /* Authenticate.swift */; };
/* End PBXBuildFile section */

/* Begin PBXCopyFilesBuildPhase section */
		1C13A2262A6F49D10023B72E /* CopyFiles */ = {
			isa = PBXCopyFilesBuildPhase;
			buildActionMask = 2147483647;
			dstPath = /usr/share/man/man1/;
			dstSubfolderSpec = 0;
			files = (
			);
			runOnlyForDeploymentPostprocessing = 1;
		};
/* End PBXCopyFilesBuildPhase section */

/* Begin PBXFileReference section */
		1C13A2282A6F49D10023B72E /* Ultrabox */ = {isa = PBXFileReference; explicitFileType = "compiled.mach-o.executable"; includeInIndex = 0; path = Ultrabox; sourceTree = BUILT_PRODUCTS_DIR; };
		1C13A22B2A6F49D10023B72E /* main.swift */ = {isa = PBXFileReference; lastKnownFileType = sourcecode.swift; path = main.swift; sourceTree = "<group>"; };
		1C13A2332A6F49EA0023B72E /* Launcher.swift */ = {isa = PBXFileReference; lastKnownFileType = sourcecode.swift; path = Launcher.swift; sourceTree = "<group>"; };
		1C13A2352A6F4D5A0023B72E /* Layout.swift */ = {isa = PBXFileReference; lastKnownFileType = sourcecode.swift; path = Layout.swift; sourceTree = "<group>"; };
		1C13A2372A6F4F130023B72E /* Manual.swift */ = {isa = PBXFileReference; lastKnownFileType = sourcecode.swift; path = Manual.swift; sourceTree = "<group>"; };
		1C13A23A2A6F509E0023B72E /* Movie.swift */ = {isa = PBXFileReference; lastKnownFileType = sourcecode.swift; path = Movie.swift; sourceTree = "<group>"; };
		1C13A23E2A6F68530023B72E /* Menu.swift */ = {isa = PBXFileReference; lastKnownFileType = sourcecode.swift; path = Menu.swift; sourceTree = "<group>"; };
		1C13A24E2A6FD7560023B72E /* Deposit.swift */ = {isa = PBXFileReference; lastKnownFileType = sourcecode.swift; path = Deposit.swift; sourceTree = "<group>"; };
		1C13A2502A6FDB130023B72E /* User.swift */ = {isa = PBXFileReference; lastKnownFileType = sourcecode.swift; path = User.swift; sourceTree = "<group>"; };
		1C13A2562A7005A90023B72E /* Authenticate.swift */ = {isa = PBXFileReference; lastKnownFileType = sourcecode.swift; path = Authenticate.swift; sourceTree = "<group>"; };
/* End PBXFileReference section */

/* Begin PBXFrameworksBuildPhase section */
		1C13A2252A6F49D10023B72E /* Frameworks */ = {
			isa = PBXFrameworksBuildPhase;
			buildActionMask = 2147483647;
			files = (
			);
			runOnlyForDeploymentPostprocessing = 0;
		};
/* End PBXFrameworksBuildPhase section */

/* Begin PBXGroup section */
		1C13A21F2A6F49D10023B72E = {
			isa = PBXGroup;
			children = (
				1C13A22A2A6F49D10023B72E /* Ultrabox */,
				1C13A2292A6F49D10023B72E /* Products */,
			);
			sourceTree = "<group>";
		};
		1C13A2292A6F49D10023B72E /* Products */ = {
			isa = PBXGroup;
			children = (
				1C13A2282A6F49D10023B72E /* Ultrabox */,
			);
			name = Products;
			sourceTree = "<group>";
		};
		1C13A22A2A6F49D10023B72E /* Ultrabox */ = {
			isa = PBXGroup;
			children = (
				1C13A24D2A6FD6CF0023B72E /* Service */,
				1C13A2392A6F50950023B72E /* Model */,
				1C13A2322A6F49DF0023B72E /* Interface */,
				1C13A22B2A6F49D10023B72E /* main.swift */,
			);
			path = Ultrabox;
			sourceTree = "<group>";
		};
		1C13A2322A6F49DF0023B72E /* Interface */ = {
			isa = PBXGroup;
			children = (
				1C13A2332A6F49EA0023B72E /* Launcher.swift */,
				1C13A2352A6F4D5A0023B72E /* Layout.swift */,
				1C13A2372A6F4F130023B72E /* Manual.swift */,
			);
			path = Interface;
			sourceTree = "<group>";
		};
		1C13A2392A6F50950023B72E /* Model */ = {
			isa = PBXGroup;
			children = (
				1C13A23A2A6F509E0023B72E /* Movie.swift */,
				1C13A23E2A6F68530023B72E /* Menu.swift */,
				1C13A2502A6FDB130023B72E /* User.swift */,
			);
			path = Model;
			sourceTree = "<group>";
		};
		1C13A24D2A6FD6CF0023B72E /* Service */ = {
			isa = PBXGroup;
			children = (
				1C13A24E2A6FD7560023B72E /* Deposit.swift */,
				1C13A2562A7005A90023B72E /* Authenticate.swift */,
			);
			path = Service;
			sourceTree = "<group>";
		};
/* End PBXGroup section */

/* Begin PBXNativeTarget section */
		1C13A2272A6F49D10023B72E /* Ultrabox */ = {
			isa = PBXNativeTarget;
			buildConfigurationList = 1C13A22F2A6F49D10023B72E /* Build configuration list for PBXNativeTarget "Ultrabox" */;
			buildPhases = (
				1C13A2242A6F49D10023B72E /* Sources */,
				1C13A2252A6F49D10023B72E /* Frameworks */,
				1C13A2262A6F49D10023B72E /* CopyFiles */,
			);
			buildRules = (
			);
			dependencies = (
			);
			name = Ultrabox;
			productName = Ultrabox;
			productReference = 1C13A2282A6F49D10023B72E /* Ultrabox */;
			productType = "com.apple.product-type.tool";
		};
/* End PBXNativeTarget section */

/* Begin PBXProject section */
		1C13A2202A6F49D10023B72E /* Project object */ = {
			isa = PBXProject;
			attributes = {
				BuildIndependentTargetsInParallel = 1;
				LastSwiftUpdateCheck = 1430;
				LastUpgradeCheck = 1430;
				TargetAttributes = {
					1C13A2272A6F49D10023B72E = {
						CreatedOnToolsVersion = 14.3.1;
					};
				};
			};
			buildConfigurationList = 1C13A2232A6F49D10023B72E /* Build configuration list for PBXProject "Ultrabox" */;
			compatibilityVersion = "Xcode 14.0";
			developmentRegion = en;
			hasScannedForEncodings = 0;
			knownRegions = (
				en,
				Base,
			);
			mainGroup = 1C13A21F2A6F49D10023B72E;
			productRefGroup = 1C13A2292A6F49D10023B72E /* Products */;
			projectDirPath = "";
			projectRoot = "";
			targets = (
				1C13A2272A6F49D10023B72E /* Ultrabox */,
			);
		};
/* End PBXProject section */

/* Begin PBXSourcesBuildPhase section */
		1C13A2242A6F49D10023B72E /* Sources */ = {
			isa = PBXSourcesBuildPhase;
			buildActionMask = 2147483647;
			files = (
				1C13A23F2A6F68530023B72E /* Menu.swift in Sources */,
				1C13A22C2A6F49D10023B72E /* main.swift in Sources */,
				1C13A2382A6F4F130023B72E /* Manual.swift in Sources */,
				1C13A24F2A6FD7560023B72E /* Deposit.swift in Sources */,
				1C13A2512A6FDB130023B72E /* User.swift in Sources */,
				1C13A2342A6F49EA0023B72E /* Launcher.swift in Sources */,
				1C13A2362A6F4D5A0023B72E /* Layout.swift in Sources */,
				1C13A2572A7005A90023B72E /* Authenticate.swift in Sources */,
				1C13A23B2A6F509E0023B72E /* Movie.swift in Sources */,
			);
			runOnlyForDeploymentPostprocessing = 0;
		};
/* End PBXSourcesBuildPhase section */

/* Begin XCBuildConfiguration section */
		1C13A22D2A6F49D10023B72E /* Debug */ = {
			isa = XCBuildConfiguration;
			buildSettings = {
				ALWAYS_SEARCH_USER_PATHS = NO;
				CLANG_ANALYZER_NONNULL = YES;
				CLANG_ANALYZER_NUMBER_OBJECT_CONVERSION = YES_AGGRESSIVE;
				CLANG_CXX_LANGUAGE_STANDARD = "gnu++20";
				CLANG_ENABLE_MODULES = YES;
				CLANG_ENABLE_OBJC_ARC = YES;
				CLANG_ENABLE_OBJC_WEAK = YES;
				CLANG_WARN_BLOCK_CAPTURE_AUTORELEASING = YES;
				CLANG_WARN_BOOL_CONVERSION = YES;
				CLANG_WARN_COMMA = YES;
				CLANG_WARN_CONSTANT_CONVERSION = YES;
				CLANG_WARN_DEPRECATED_OBJC_IMPLEMENTATIONS = YES;
				CLANG_WARN_DIRECT_OBJC_ISA_USAGE = YES_ERROR;
				CLANG_WARN_DOCUMENTATION_COMMENTS = YES;
				CLANG_WARN_EMPTY_BODY = YES;
				CLANG_WARN_ENUM_CONVERSION = YES;
				CLANG_WARN_INFINITE_RECURSION = YES;
				CLANG_WARN_INT_CONVERSION = YES;
				CLANG_WARN_NON_LITERAL_NULL_CONVERSION = YES;
				CLANG_WARN_OBJC_IMPLICIT_RETAIN_SELF = YES;
				CLANG_WARN_OBJC_LITERAL_CONVERSION = YES;
				CLANG_WARN_OBJC_ROOT_CLASS = YES_ERROR;
				CLANG_WARN_QUOTED_INCLUDE_IN_FRAMEWORK_HEADER = YES;
				CLANG_WARN_RANGE_LOOP_ANALYSIS = YES;
				CLANG_WARN_STRICT_PROTOTYPES = YES;
				CLANG_WARN_SUSPICIOUS_MOVE = YES;
				CLANG_WARN_UNGUARDED_AVAILABILITY = YES_AGGRESSIVE;
				CLANG_WARN_UNREACHABLE_CODE = YES;
				CLANG_WARN__DUPLICATE_METHOD_MATCH = YES;
				COPY_PHASE_STRIP = NO;
				DEBUG_INFORMATION_FORMAT = dwarf;
				ENABLE_STRICT_OBJC_MSGSEND = YES;
				ENABLE_TESTABILITY = YES;
				GCC_C_LANGUAGE_STANDARD = gnu11;
				GCC_DYNAMIC_NO_PIC = NO;
				GCC_NO_COMMON_BLOCKS = YES;
				GCC_OPTIMIZATION_LEVEL = 0;
				GCC_PREPROCESSOR_DEFINITIONS = (
					"DEBUG=1",
					"$(inherited)",
				);
				GCC_WARN_64_TO_32_BIT_CONVERSION = YES;
				GCC_WARN_ABOUT_RETURN_TYPE = YES_ERROR;
				GCC_WARN_UNDECLARED_SELECTOR = YES;
				GCC_WARN_UNINITIALIZED_AUTOS = YES_AGGRESSIVE;
				GCC_WARN_UNUSED_FUNCTION = YES;
				GCC_WARN_UNUSED_VARIABLE = YES;
				MACOSX_DEPLOYMENT_TARGET = 13.3;
				MTL_ENABLE_DEBUG_INFO = INCLUDE_SOURCE;
				MTL_FAST_MATH = YES;
				ONLY_ACTIVE_ARCH = YES;
				SDKROOT = macosx;
				SWIFT_ACTIVE_COMPILATION_CONDITIONS = DEBUG;
				SWIFT_OPTIMIZATION_LEVEL = "-Onone";
			};
			name = Debug;
		};
		1C13A22E2A6F49D10023B72E /* Release */ = {
			isa = XCBuildConfiguration;
			buildSettings = {
				ALWAYS_SEARCH_USER_PATHS = NO;
				CLANG_ANALYZER_NONNULL = YES;
				CLANG_ANALYZER_NUMBER_OBJECT_CONVERSION = YES_AGGRESSIVE;
				CLANG_CXX_LANGUAGE_STANDARD = "gnu++20";
				CLANG_ENABLE_MODULES = YES;
				CLANG_ENABLE_OBJC_ARC = YES;
				CLANG_ENABLE_OBJC_WEAK = YES;
				CLANG_WARN_BLOCK_CAPTURE_AUTORELEASING = YES;
				CLANG_WARN_BOOL_CONVERSION = YES;
				CLANG_WARN_COMMA = YES;
				CLANG_WARN_CONSTANT_CONVERSION = YES;
				CLANG_WARN_DEPRECATED_OBJC_IMPLEMENTATIONS = YES;
				CLANG_WARN_DIRECT_OBJC_ISA_USAGE = YES_ERROR;
				CLANG_WARN_DOCUMENTATION_COMMENTS = YES;
				CLANG_WARN_EMPTY_BODY = YES;
				CLANG_WARN_ENUM_CONVERSION = YES;
				CLANG_WARN_INFINITE_RECURSION = YES;
				CLANG_WARN_INT_CONVERSION = YES;
				CLANG_WARN_NON_LITERAL_NULL_CONVERSION = YES;
				CLANG_WARN_OBJC_IMPLICIT_RETAIN_SELF = YES;
				CLANG_WARN_OBJC_LITERAL_CONVERSION = YES;
				CLANG_WARN_OBJC_ROOT_CLASS = YES_ERROR;
				CLANG_WARN_QUOTED_INCLUDE_IN_FRAMEWORK_HEADER = YES;
				CLANG_WARN_RANGE_LOOP_ANALYSIS = YES;
				CLANG_WARN_STRICT_PROTOTYPES = YES;
				CLANG_WARN_SUSPICIOUS_MOVE = YES;
				CLANG_WARN_UNGUARDED_AVAILABILITY = YES_AGGRESSIVE;
				CLANG_WARN_UNREACHABLE_CODE = YES;
				CLANG_WARN__DUPLICATE_METHOD_MATCH = YES;
				COPY_PHASE_STRIP = NO;
				DEBUG_INFORMATION_FORMAT = "dwarf-with-dsym";
				ENABLE_NS_ASSERTIONS = NO;
				ENABLE_STRICT_OBJC_MSGSEND = YES;
				GCC_C_LANGUAGE_STANDARD = gnu11;
				GCC_NO_COMMON_BLOCKS = YES;
				GCC_WARN_64_TO_32_BIT_CONVERSION = YES;
				GCC_WARN_ABOUT_RETURN_TYPE = YES_ERROR;
				GCC_WARN_UNDECLARED_SELECTOR = YES;
				GCC_WARN_UNINITIALIZED_AUTOS = YES_AGGRESSIVE;
				GCC_WARN_UNUSED_FUNCTION = YES;
				GCC_WARN_UNUSED_VARIABLE = YES;
				MACOSX_DEPLOYMENT_TARGET = 13.3;
				MTL_ENABLE_DEBUG_INFO = NO;
				MTL_FAST_MATH = YES;
				SDKROOT = macosx;
				SWIFT_COMPILATION_MODE = wholemodule;
				SWIFT_OPTIMIZATION_LEVEL = "-O";
			};
			name = Release;
		};
		1C13A2302A6F49D10023B72E /* Debug */ = {
			isa = XCBuildConfiguration;
			buildSettings = {
				CODE_SIGN_STYLE = Automatic;
				DEVELOPMENT_TEAM = 4CLS27ED5N;
				ENABLE_HARDENED_RUNTIME = YES;
				PRODUCT_NAME = "$(TARGET_NAME)";
				SWIFT_VERSION = 5.0;
			};
			name = Debug;
		};
		1C13A2312A6F49D10023B72E /* Release */ = {
			isa = XCBuildConfiguration;
			buildSettings = {
				CODE_SIGN_STYLE = Automatic;
				DEVELOPMENT_TEAM = 4CLS27ED5N;
				ENABLE_HARDENED_RUNTIME = YES;
				PRODUCT_NAME = "$(TARGET_NAME)";
				SWIFT_VERSION = 5.0;
			};
			name = Release;
		};
/* End XCBuildConfiguration section */

/* Begin XCConfigurationList section */
		1C13A2232A6F49D10023B72E /* Build configuration list for PBXProject "Ultrabox" */ = {
			isa = XCConfigurationList;
			buildConfigurations = (
				1C13A22D2A6F49D10023B72E /* Debug */,
				1C13A22E2A6F49D10023B72E /* Release */,
			);
			defaultConfigurationIsVisible = 0;
			defaultConfigurationName = Release;
		};
		1C13A22F2A6F49D10023B72E /* Build configuration list for PBXNativeTarget "Ultrabox" */ = {
			isa = XCConfigurationList;
			buildConfigurations = (
				1C13A2302A6F49D10023B72E /* Debug */,
				1C13A2312A6F49D10023B72E /* Release */,
			);
			defaultConfigurationIsVisible = 0;
			defaultConfigurationName = Release;
		};
/* End XCConfigurationList section */
	};
	rootObject = 1C13A2202A6F49D10023B72E /* Project object */;
}
